// !$*UTF8*$!
{
	archiveVersion = 1;
	classes = {
	};
	objectVersion = 46;
	objects = {

/* Begin PBXBuildFile section */
		077105B71744EBAA008A27BC /* UIKit.framework in Frameworks */ = {isa = PBXBuildFile; fileRef = 077105B61744EBAA008A27BC /* UIKit.framework */; };
		077105B91744EBAA008A27BC /* Foundation.framework in Frameworks */ = {isa = PBXBuildFile; fileRef = 077105B81744EBAA008A27BC /* Foundation.framework */; };
		077105BB1744EBAA008A27BC /* CoreGraphics.framework in Frameworks */ = {isa = PBXBuildFile; fileRef = 077105BA1744EBAA008A27BC /* CoreGraphics.framework */; };
		077105C11744EBAA008A27BC /* InfoPlist.strings in Resources */ = {isa = PBXBuildFile; fileRef = 077105BF1744EBAA008A27BC /* InfoPlist.strings */; };
		077105C31744EBAA008A27BC /* main.m in Sources */ = {isa = PBXBuildFile; fileRef = 077105C21744EBAA008A27BC /* main.m */; };
		077105C71744EBAA008A27BC /* AppDelegate.m in Sources */ = {isa = PBXBuildFile; fileRef = 077105C61744EBAA008A27BC /* AppDelegate.m */; };
		077106671744EC1B008A27BC /* DegreeOfApproximation.m in Sources */ = {isa = PBXBuildFile; fileRef = 077105D51744EC1B008A27BC /* DegreeOfApproximation.m */; };
		077106681744EC1B008A27BC /* NSString+Tokenize.m in Sources */ = {isa = PBXBuildFile; fileRef = 077105D71744EC1B008A27BC /* NSString+Tokenize.m */; };
		077106691744EC1B008A27BC /* ReplyText.m in Sources */ = {isa = PBXBuildFile; fileRef = 077105D91744EC1B008A27BC /* ReplyText.m */; };
		0771066A1744EC1B008A27BC /* Synonyms.txt in Resources */ = {isa = PBXBuildFile; fileRef = 077105DA1744EC1B008A27BC /* Synonyms.txt */; };
		077106751744EC1B008A27BC /* ToggleBase.m in Sources */ = {isa = PBXBuildFile; fileRef = 077105E91744EC1B008A27BC /* ToggleBase.m */; };
		077106761744EC1B008A27BC /* ToggleButton.m in Sources */ = {isa = PBXBuildFile; fileRef = 077105EB1744EC1B008A27BC /* ToggleButton.m */; };
		077106771744EC1B008A27BC /* ToggleView.m in Sources */ = {isa = PBXBuildFile; fileRef = 077105ED1744EC1B008A27BC /* ToggleView.m */; };
		077106781744EC1B008A27BC /* Kirapika.xcdatamodeld in Sources */ = {isa = PBXBuildFile; fileRef = 077105F01744EC1B008A27BC /* Kirapika.xcdatamodeld */; };
		077106791744EC1B008A27BC /* Message+Create.m in Sources */ = {isa = PBXBuildFile; fileRef = 077105F31744EC1B008A27BC /* Message+Create.m */; };
		0771067B1744EC1B008A27BC /* NSManagedObjectContext+Queryable.m in Sources */ = {isa = PBXBuildFile; fileRef = 077105F71744EC1B008A27BC /* NSManagedObjectContext+Queryable.m */; };
		0771067E1744EC1B008A27BC /* Sender+Create.m in Sources */ = {isa = PBXBuildFile; fileRef = 077105FB1744EC1B008A27BC /* Sender+Create.m */; };
		077106801744EC1B008A27BC /* GestureNavigationBar.m in Sources */ = {isa = PBXBuildFile; fileRef = 077106001744EC1B008A27BC /* GestureNavigationBar.m */; };
		077106811744EC1B008A27BC /* GestureNavigationViewController.m in Sources */ = {isa = PBXBuildFile; fileRef = 077106021744EC1B008A27BC /* GestureNavigationViewController.m */; };
		077106821744EC1B008A27BC /* GuideView.m in Sources */ = {isa = PBXBuildFile; fileRef = 077106061744EC1B008A27BC /* GuideView.m */; };
		077106831744EC1B008A27BC /* NSNumber+RecognizedMark.m in Sources */ = {isa = PBXBuildFile; fileRef = 077106081744EC1B008A27BC /* NSNumber+RecognizedMark.m */; };
		077106841744EC1B008A27BC /* PixelStyleHandwritingRecognitionView.m in Sources */ = {isa = PBXBuildFile; fileRef = 0771060A1744EC1B008A27BC /* PixelStyleHandwritingRecognitionView.m */; };
		077106851744EC1B008A27BC /* PixelView.m in Sources */ = {isa = PBXBuildFile; fileRef = 0771060C1744EC1B008A27BC /* PixelView.m */; };
		077106891744EC1B008A27BC /* MessagesNavigationViewController.m in Sources */ = {isa = PBXBuildFile; fileRef = 077106131744EC1B008A27BC /* MessagesNavigationViewController.m */; };
		0771068A1744EC1B008A27BC /* BubbleMessageCell.m in Sources */ = {isa = PBXBuildFile; fileRef = 077106161744EC1B008A27BC /* BubbleMessageCell.m */; };
		0771068B1744EC1B008A27BC /* BubbleMessageData.m in Sources */ = {isa = PBXBuildFile; fileRef = 077106181744EC1B008A27BC /* BubbleMessageData.m */; };
		0771068C1744EC1B008A27BC /* BubbleView.m in Sources */ = {isa = PBXBuildFile; fileRef = 0771061A1744EC1B008A27BC /* BubbleView.m */; };
		0771068D1744EC1B008A27BC /* CoreDataMessagesViewController.m in Sources */ = {isa = PBXBuildFile; fileRef = 0771061C1744EC1B008A27BC /* CoreDataMessagesViewController.m */; };
		0771068E1744EC1B008A27BC /* HintView.m in Sources */ = {isa = PBXBuildFile; fileRef = 0771061E1744EC1B008A27BC /* HintView.m */; };
		0771068F1744EC1B008A27BC /* MessageInputView.m in Sources */ = {isa = PBXBuildFile; fileRef = 077106201744EC1B008A27BC /* MessageInputView.m */; };
		077106901744EC1B008A27BC /* MessageSoundEffect.m in Sources */ = {isa = PBXBuildFile; fileRef = 077106221744EC1B008A27BC /* MessageSoundEffect.m */; };
		077106911744EC1B008A27BC /* MessagesTableView.m in Sources */ = {isa = PBXBuildFile; fileRef = 077106241744EC1B008A27BC /* MessagesTableView.m */; };
		077106921744EC1B008A27BC /* MessagesViewController.m in Sources */ = {isa = PBXBuildFile; fileRef = 077106261744EC1B008A27BC /* MessagesViewController.m */; };
		077106931744EC1B008A27BC /* NSString+MessagesView.m in Sources */ = {isa = PBXBuildFile; fileRef = 077106281744EC1B008A27BC /* NSString+MessagesView.m */; };
		077106941744EC1B008A27BC /* DAKeyboardControl.m in Sources */ = {isa = PBXBuildFile; fileRef = 0771062C1744EC1B008A27BC /* DAKeyboardControl.m */; };
		077106951744EC1B008A27BC /* HPGrowingTextView.m in Sources */ = {isa = PBXBuildFile; fileRef = 0771062F1744EC1B008A27BC /* HPGrowingTextView.m */; };
		077106961744EC1B008A27BC /* HPTextViewInternal.m in Sources */ = {isa = PBXBuildFile; fileRef = 077106311744EC1B008A27BC /* HPTextViewInternal.m */; };
		077106AB1744EC1B008A27BC /* messageReceived.aiff in Resources */ = {isa = PBXBuildFile; fileRef = 077106481744EC1B008A27BC /* messageReceived.aiff */; };
		077106AC1744EC1B008A27BC /* messageSent.aiff in Resources */ = {isa = PBXBuildFile; fileRef = 077106491744EC1B008A27BC /* messageSent.aiff */; };
		077106AD1744EC1B008A27BC /* UIView+AnimationOptionsForCurve.m in Sources */ = {isa = PBXBuildFile; fileRef = 0771064B1744EC1B008A27BC /* UIView+AnimationOptionsForCurve.m */; };
		077106AE1744EC1B008A27BC /* FilesManagement.m in Sources */ = {isa = PBXBuildFile; fileRef = 0771064F1744EC1B008A27BC /* FilesManagement.m */; };
		077106B21744EC1B008A27BC /* Storyboard-iPad.storyboard in Resources */ = {isa = PBXBuildFile; fileRef = 077106561744EC1B008A27BC /* Storyboard-iPad.storyboard */; };
		077106B31744EC1B008A27BC /* Storyboard-iPhone.storyboard in Resources */ = {isa = PBXBuildFile; fileRef = 077106571744EC1B008A27BC /* Storyboard-iPhone.storyboard */; };
		077106B41744EC1B008A27BC /* UIView+FindFirstResponder.m in Sources */ = {isa = PBXBuildFile; fileRef = 0771065B1744EC1B008A27BC /* UIView+FindFirstResponder.m */; };
		077106B51744EC1B008A27BC /* ChatViewController.m in Sources */ = {isa = PBXBuildFile; fileRef = 0771065E1744EC1B008A27BC /* ChatViewController.m */; };
		077106B61744EC1B008A27BC /* MoeViewController.m in Sources */ = {isa = PBXBuildFile; fileRef = 077106601744EC1B008A27BC /* MoeViewController.m */; };
		077106B71744EC1B008A27BC /* RecallViewController.m in Sources */ = {isa = PBXBuildFile; fileRef = 077106621744EC1B008A27BC /* RecallViewController.m */; };
		077106B81744EC1B008A27BC /* SoloViewController.m in Sources */ = {isa = PBXBuildFile; fileRef = 077106641744EC1B008A27BC /* SoloViewController.m */; };
		077106B91744EC1B008A27BC /* ViewController.m in Sources */ = {isa = PBXBuildFile; fileRef = 077106661744EC1B008A27BC /* ViewController.m */; };
		077106BF1744EC9F008A27BC /* CoreData.framework in Frameworks */ = {isa = PBXBuildFile; fileRef = 077106BE1744EC9F008A27BC /* CoreData.framework */; };
		077106C11744ECA7008A27BC /* AudioToolbox.framework in Frameworks */ = {isa = PBXBuildFile; fileRef = 077106C01744ECA7008A27BC /* AudioToolbox.framework */; };
		07775CE5175DC7530075BADF /* SenderSwitch.m in Sources */ = {isa = PBXBuildFile; fileRef = 07775CE4175DC7530075BADF /* SenderSwitch.m */; };
		079E789F176F2BAA00E1800A /* GNTransitionController.m in Sources */ = {isa = PBXBuildFile; fileRef = 079E789E176F2BAA00E1800A /* GNTransitionController.m */; };
		07A8B78B1749EC5400E3227C /* Message.m in Sources */ = {isa = PBXBuildFile; fileRef = 07A8B78A1749EC5400E3227C /* Message.m */; };
		07CA8AED17583A2800A41C84 /* BubbleTypingCell.m in Sources */ = {isa = PBXBuildFile; fileRef = 07CA8AEC17583A2800A41C84 /* BubbleTypingCell.m */; };
		07CFC834174B528400417D68 /* NSString+Transcode.m in Sources */ = {isa = PBXBuildFile; fileRef = 07CFC833174B528400417D68 /* NSString+Transcode.m */; };
		07CFC843174BA12800417D68 /* Word.m in Sources */ = {isa = PBXBuildFile; fileRef = 07CFC842174BA12800417D68 /* Word.m */; };
		07CFC846174BA4B400417D68 /* Word+Create.m in Sources */ = {isa = PBXBuildFile; fileRef = 07CFC845174BA4B400417D68 /* Word+Create.m */; };
		07CFC849174BA61F00417D68 /* Sender.m in Sources */ = {isa = PBXBuildFile; fileRef = 07CFC848174BA61F00417D68 /* Sender.m */; };
		07E3EC7C176A06740067F6B7 /* Media.xcassets in Resources */ = {isa = PBXBuildFile; fileRef = 07E3EC7B176A06740067F6B7 /* Media.xcassets */; };
/* End PBXBuildFile section */

/* Begin PBXContainerItemProxy section */
		077D47E0174CE31700443B8B /* PBXContainerItemProxy */ = {
			isa = PBXContainerItemProxy;
			containerPortal = 077D47DC174CE31600443B8B /* Kirapika Builder.xcodeproj */;
			proxyType = 2;
			remoteGlobalIDString = 077D47BC174CE31600443B8B;
			remoteInfo = "Kirapika Builder";
		};
/* End PBXContainerItemProxy section */

/* Begin PBXFileReference section */
		077105B31744EBAA008A27BC /* Kirapika.app */ = {isa = PBXFileReference; explicitFileType = wrapper.application; includeInIndex = 0; path = Kirapika.app; sourceTree = BUILT_PRODUCTS_DIR; };
		077105B61744EBAA008A27BC /* UIKit.framework */ = {isa = PBXFileReference; lastKnownFileType = wrapper.framework; name = UIKit.framework; path = System/Library/Frameworks/UIKit.framework; sourceTree = SDKROOT; };
		077105B81744EBAA008A27BC /* Foundation.framework */ = {isa = PBXFileReference; lastKnownFileType = wrapper.framework; name = Foundation.framework; path = System/Library/Frameworks/Foundation.framework; sourceTree = SDKROOT; };
		077105BA1744EBAA008A27BC /* CoreGraphics.framework */ = {isa = PBXFileReference; lastKnownFileType = wrapper.framework; name = CoreGraphics.framework; path = System/Library/Frameworks/CoreGraphics.framework; sourceTree = SDKROOT; };
		077105BE1744EBAA008A27BC /* Kirapika-Info.plist */ = {isa = PBXFileReference; lastKnownFileType = text.plist.xml; path = "Kirapika-Info.plist"; sourceTree = "<group>"; };
		077105C01744EBAA008A27BC /* en */ = {isa = PBXFileReference; lastKnownFileType = text.plist.strings; name = en; path = en.lproj/InfoPlist.strings; sourceTree = "<group>"; };
		077105C21744EBAA008A27BC /* main.m */ = {isa = PBXFileReference; lastKnownFileType = sourcecode.c.objc; path = main.m; sourceTree = "<group>"; };
		077105C41744EBAA008A27BC /* Kirapika-Prefix.pch */ = {isa = PBXFileReference; lastKnownFileType = sourcecode.c.h; path = "Kirapika-Prefix.pch"; sourceTree = "<group>"; };
		077105C51744EBAA008A27BC /* AppDelegate.h */ = {isa = PBXFileReference; lastKnownFileType = sourcecode.c.h; path = AppDelegate.h; sourceTree = "<group>"; };
		077105C61744EBAA008A27BC /* AppDelegate.m */ = {isa = PBXFileReference; lastKnownFileType = sourcecode.c.objc; path = AppDelegate.m; sourceTree = "<group>"; };
		077105D41744EC1B008A27BC /* DegreeOfApproximation.h */ = {isa = PBXFileReference; fileEncoding = 4; lastKnownFileType = sourcecode.c.h; path = DegreeOfApproximation.h; sourceTree = "<group>"; };
		077105D51744EC1B008A27BC /* DegreeOfApproximation.m */ = {isa = PBXFileReference; fileEncoding = 4; lastKnownFileType = sourcecode.c.objc; path = DegreeOfApproximation.m; sourceTree = "<group>"; };
		077105D61744EC1B008A27BC /* NSString+Tokenize.h */ = {isa = PBXFileReference; fileEncoding = 4; lastKnownFileType = sourcecode.c.h; path = "NSString+Tokenize.h"; sourceTree = "<group>"; };
		077105D71744EC1B008A27BC /* NSString+Tokenize.m */ = {isa = PBXFileReference; fileEncoding = 4; lastKnownFileType = sourcecode.c.objc; path = "NSString+Tokenize.m"; sourceTree = "<group>"; };
		077105D81744EC1B008A27BC /* ReplyText.h */ = {isa = PBXFileReference; fileEncoding = 4; lastKnownFileType = sourcecode.c.h; path = ReplyText.h; sourceTree = "<group>"; };
		077105D91744EC1B008A27BC /* ReplyText.m */ = {isa = PBXFileReference; fileEncoding = 4; lastKnownFileType = sourcecode.c.objc; path = ReplyText.m; sourceTree = "<group>"; };
		077105DA1744EC1B008A27BC /* Synonyms.txt */ = {isa = PBXFileReference; fileEncoding = 4; lastKnownFileType = text; path = Synonyms.txt; sourceTree = "<group>"; };
		077105E81744EC1B008A27BC /* ToggleBase.h */ = {isa = PBXFileReference; fileEncoding = 4; lastKnownFileType = sourcecode.c.h; path = ToggleBase.h; sourceTree = "<group>"; };
		077105E91744EC1B008A27BC /* ToggleBase.m */ = {isa = PBXFileReference; fileEncoding = 4; lastKnownFileType = sourcecode.c.objc; path = ToggleBase.m; sourceTree = "<group>"; };
		077105EA1744EC1B008A27BC /* ToggleButton.h */ = {isa = PBXFileReference; fileEncoding = 4; lastKnownFileType = sourcecode.c.h; path = ToggleButton.h; sourceTree = "<group>"; };
		077105EB1744EC1B008A27BC /* ToggleButton.m */ = {isa = PBXFileReference; fileEncoding = 4; lastKnownFileType = sourcecode.c.objc; path = ToggleButton.m; sourceTree = "<group>"; };
		077105EC1744EC1B008A27BC /* ToggleView.h */ = {isa = PBXFileReference; fileEncoding = 4; lastKnownFileType = sourcecode.c.h; path = ToggleView.h; sourceTree = "<group>"; };
		077105ED1744EC1B008A27BC /* ToggleView.m */ = {isa = PBXFileReference; fileEncoding = 4; lastKnownFileType = sourcecode.c.objc; path = ToggleView.m; sourceTree = "<group>"; };
		077105EF1744EC1B008A27BC /* CoreDataConstants.h */ = {isa = PBXFileReference; fileEncoding = 4; lastKnownFileType = sourcecode.c.h; path = CoreDataConstants.h; sourceTree = "<group>"; };
		077105F11744EC1B008A27BC /* Kirapika.xcdatamodel */ = {isa = PBXFileReference; lastKnownFileType = wrapper.xcdatamodel; path = Kirapika.xcdatamodel; sourceTree = "<group>"; };
		077105F21744EC1B008A27BC /* Message+Create.h */ = {isa = PBXFileReference; fileEncoding = 4; lastKnownFileType = sourcecode.c.h; path = "Message+Create.h"; sourceTree = "<group>"; };
		077105F31744EC1B008A27BC /* Message+Create.m */ = {isa = PBXFileReference; fileEncoding = 4; lastKnownFileType = sourcecode.c.objc; path = "Message+Create.m"; sourceTree = "<group>"; };
		077105F61744EC1B008A27BC /* NSManagedObjectContext+Queryable.h */ = {isa = PBXFileReference; fileEncoding = 4; lastKnownFileType = sourcecode.c.h; path = "NSManagedObjectContext+Queryable.h"; sourceTree = "<group>"; };
		077105F71744EC1B008A27BC /* NSManagedObjectContext+Queryable.m */ = {isa = PBXFileReference; fileEncoding = 4; lastKnownFileType = sourcecode.c.objc; path = "NSManagedObjectContext+Queryable.m"; sourceTree = "<group>"; };
		077105FA1744EC1B008A27BC /* Sender+Create.h */ = {isa = PBXFileReference; fileEncoding = 4; lastKnownFileType = sourcecode.c.h; path = "Sender+Create.h"; sourceTree = "<group>"; };
		077105FB1744EC1B008A27BC /* Sender+Create.m */ = {isa = PBXFileReference; fileEncoding = 4; lastKnownFileType = sourcecode.c.objc; path = "Sender+Create.m"; sourceTree = "<group>"; };
		077105FF1744EC1B008A27BC /* GestureNavigationBar.h */ = {isa = PBXFileReference; fileEncoding = 4; lastKnownFileType = sourcecode.c.h; path = GestureNavigationBar.h; sourceTree = "<group>"; };
		077106001744EC1B008A27BC /* GestureNavigationBar.m */ = {isa = PBXFileReference; fileEncoding = 4; lastKnownFileType = sourcecode.c.objc; path = GestureNavigationBar.m; sourceTree = "<group>"; };
		077106011744EC1B008A27BC /* GestureNavigationViewController.h */ = {isa = PBXFileReference; fileEncoding = 4; lastKnownFileType = sourcecode.c.h; path = GestureNavigationViewController.h; sourceTree = "<group>"; };
		077106021744EC1B008A27BC /* GestureNavigationViewController.m */ = {isa = PBXFileReference; fileEncoding = 4; lastKnownFileType = sourcecode.c.objc; path = GestureNavigationViewController.m; sourceTree = "<group>"; };
		077106051744EC1B008A27BC /* GuideView.h */ = {isa = PBXFileReference; fileEncoding = 4; lastKnownFileType = sourcecode.c.h; path = GuideView.h; sourceTree = "<group>"; };
		077106061744EC1B008A27BC /* GuideView.m */ = {isa = PBXFileReference; fileEncoding = 4; lastKnownFileType = sourcecode.c.objc; path = GuideView.m; sourceTree = "<group>"; };
		077106071744EC1B008A27BC /* NSNumber+RecognizedMark.h */ = {isa = PBXFileReference; fileEncoding = 4; lastKnownFileType = sourcecode.c.h; path = "NSNumber+RecognizedMark.h"; sourceTree = "<group>"; };
		077106081744EC1B008A27BC /* NSNumber+RecognizedMark.m */ = {isa = PBXFileReference; fileEncoding = 4; lastKnownFileType = sourcecode.c.objc; path = "NSNumber+RecognizedMark.m"; sourceTree = "<group>"; };
		077106091744EC1B008A27BC /* PixelStyleHandwritingRecognitionView.h */ = {isa = PBXFileReference; fileEncoding = 4; lastKnownFileType = sourcecode.c.h; path = PixelStyleHandwritingRecognitionView.h; sourceTree = "<group>"; };
		0771060A1744EC1B008A27BC /* PixelStyleHandwritingRecognitionView.m */ = {isa = PBXFileReference; fileEncoding = 4; lastKnownFileType = sourcecode.c.objc; path = PixelStyleHandwritingRecognitionView.m; sourceTree = "<group>"; };
		0771060B1744EC1B008A27BC /* PixelView.h */ = {isa = PBXFileReference; fileEncoding = 4; lastKnownFileType = sourcecode.c.h; path = PixelView.h; sourceTree = "<group>"; };
		0771060C1744EC1B008A27BC /* PixelView.m */ = {isa = PBXFileReference; fileEncoding = 4; lastKnownFileType = sourcecode.c.objc; path = PixelView.m; sourceTree = "<group>"; };
		077106121744EC1B008A27BC /* MessagesNavigationViewController.h */ = {isa = PBXFileReference; fileEncoding = 4; lastKnownFileType = sourcecode.c.h; path = MessagesNavigationViewController.h; sourceTree = "<group>"; };
		077106131744EC1B008A27BC /* MessagesNavigationViewController.m */ = {isa = PBXFileReference; fileEncoding = 4; lastKnownFileType = sourcecode.c.objc; path = MessagesNavigationViewController.m; sourceTree = "<group>"; };
		077106151744EC1B008A27BC /* BubbleMessageCell.h */ = {isa = PBXFileReference; fileEncoding = 4; lastKnownFileType = sourcecode.c.h; path = BubbleMessageCell.h; sourceTree = "<group>"; };
		077106161744EC1B008A27BC /* BubbleMessageCell.m */ = {isa = PBXFileReference; fileEncoding = 4; lastKnownFileType = sourcecode.c.objc; path = BubbleMessageCell.m; sourceTree = "<group>"; };
		077106171744EC1B008A27BC /* BubbleMessageData.h */ = {isa = PBXFileReference; fileEncoding = 4; lastKnownFileType = sourcecode.c.h; path = BubbleMessageData.h; sourceTree = "<group>"; };
		077106181744EC1B008A27BC /* BubbleMessageData.m */ = {isa = PBXFileReference; fileEncoding = 4; lastKnownFileType = sourcecode.c.objc; path = BubbleMessageData.m; sourceTree = "<group>"; };
		077106191744EC1B008A27BC /* BubbleView.h */ = {isa = PBXFileReference; fileEncoding = 4; lastKnownFileType = sourcecode.c.h; path = BubbleView.h; sourceTree = "<group>"; };
		0771061A1744EC1B008A27BC /* BubbleView.m */ = {isa = PBXFileReference; fileEncoding = 4; lastKnownFileType = sourcecode.c.objc; path = BubbleView.m; sourceTree = "<group>"; };
		0771061B1744EC1B008A27BC /* CoreDataMessagesViewController.h */ = {isa = PBXFileReference; fileEncoding = 4; lastKnownFileType = sourcecode.c.h; path = CoreDataMessagesViewController.h; sourceTree = "<group>"; };
		0771061C1744EC1B008A27BC /* CoreDataMessagesViewController.m */ = {isa = PBXFileReference; fileEncoding = 4; lastKnownFileType = sourcecode.c.objc; path = CoreDataMessagesViewController.m; sourceTree = "<group>"; };
		0771061D1744EC1B008A27BC /* HintView.h */ = {isa = PBXFileReference; fileEncoding = 4; lastKnownFileType = sourcecode.c.h; path = HintView.h; sourceTree = "<group>"; };
		0771061E1744EC1B008A27BC /* HintView.m */ = {isa = PBXFileReference; fileEncoding = 4; lastKnownFileType = sourcecode.c.objc; path = HintView.m; sourceTree = "<group>"; };
		0771061F1744EC1B008A27BC /* MessageInputView.h */ = {isa = PBXFileReference; fileEncoding = 4; lastKnownFileType = sourcecode.c.h; path = MessageInputView.h; sourceTree = "<group>"; };
		077106201744EC1B008A27BC /* MessageInputView.m */ = {isa = PBXFileReference; fileEncoding = 4; lastKnownFileType = sourcecode.c.objc; path = MessageInputView.m; sourceTree = "<group>"; };
		077106211744EC1B008A27BC /* MessageSoundEffect.h */ = {isa = PBXFileReference; fileEncoding = 4; lastKnownFileType = sourcecode.c.h; path = MessageSoundEffect.h; sourceTree = "<group>"; };
		077106221744EC1B008A27BC /* MessageSoundEffect.m */ = {isa = PBXFileReference; fileEncoding = 4; lastKnownFileType = sourcecode.c.objc; path = MessageSoundEffect.m; sourceTree = "<group>"; };
		077106231744EC1B008A27BC /* MessagesTableView.h */ = {isa = PBXFileReference; fileEncoding = 4; lastKnownFileType = sourcecode.c.h; path = MessagesTableView.h; sourceTree = "<group>"; };
		077106241744EC1B008A27BC /* MessagesTableView.m */ = {isa = PBXFileReference; fileEncoding = 4; lastKnownFileType = sourcecode.c.objc; path = MessagesTableView.m; sourceTree = "<group>"; };
		077106251744EC1B008A27BC /* MessagesViewController.h */ = {isa = PBXFileReference; fileEncoding = 4; lastKnownFileType = sourcecode.c.h; path = MessagesViewController.h; sourceTree = "<group>"; };
		077106261744EC1B008A27BC /* MessagesViewController.m */ = {isa = PBXFileReference; fileEncoding = 4; lastKnownFileType = sourcecode.c.objc; path = MessagesViewController.m; sourceTree = "<group>"; };
		077106271744EC1B008A27BC /* NSString+MessagesView.h */ = {isa = PBXFileReference; fileEncoding = 4; lastKnownFileType = sourcecode.c.h; path = "NSString+MessagesView.h"; sourceTree = "<group>"; };
		077106281744EC1B008A27BC /* NSString+MessagesView.m */ = {isa = PBXFileReference; fileEncoding = 4; lastKnownFileType = sourcecode.c.objc; path = "NSString+MessagesView.m"; sourceTree = "<group>"; };
		0771062B1744EC1B008A27BC /* DAKeyboardControl.h */ = {isa = PBXFileReference; fileEncoding = 4; lastKnownFileType = sourcecode.c.h; path = DAKeyboardControl.h; sourceTree = "<group>"; };
		0771062C1744EC1B008A27BC /* DAKeyboardControl.m */ = {isa = PBXFileReference; fileEncoding = 4; lastKnownFileType = sourcecode.c.objc; path = DAKeyboardControl.m; sourceTree = "<group>"; };
		0771062E1744EC1B008A27BC /* HPGrowingTextView.h */ = {isa = PBXFileReference; fileEncoding = 4; lastKnownFileType = sourcecode.c.h; path = HPGrowingTextView.h; sourceTree = "<group>"; };
		0771062F1744EC1B008A27BC /* HPGrowingTextView.m */ = {isa = PBXFileReference; fileEncoding = 4; lastKnownFileType = sourcecode.c.objc; path = HPGrowingTextView.m; sourceTree = "<group>"; };
		077106301744EC1B008A27BC /* HPTextViewInternal.h */ = {isa = PBXFileReference; fileEncoding = 4; lastKnownFileType = sourcecode.c.h; path = HPTextViewInternal.h; sourceTree = "<group>"; };
		077106311744EC1B008A27BC /* HPTextViewInternal.m */ = {isa = PBXFileReference; fileEncoding = 4; lastKnownFileType = sourcecode.c.objc; path = HPTextViewInternal.m; sourceTree = "<group>"; };
		077106481744EC1B008A27BC /* messageReceived.aiff */ = {isa = PBXFileReference; lastKnownFileType = audio.aiff; path = messageReceived.aiff; sourceTree = "<group>"; };
		077106491744EC1B008A27BC /* messageSent.aiff */ = {isa = PBXFileReference; lastKnownFileType = audio.aiff; path = messageSent.aiff; sourceTree = "<group>"; };
		0771064A1744EC1B008A27BC /* UIView+AnimationOptionsForCurve.h */ = {isa = PBXFileReference; fileEncoding = 4; lastKnownFileType = sourcecode.c.h; path = "UIView+AnimationOptionsForCurve.h"; sourceTree = "<group>"; };
		0771064B1744EC1B008A27BC /* UIView+AnimationOptionsForCurve.m */ = {isa = PBXFileReference; fileEncoding = 4; lastKnownFileType = sourcecode.c.objc; path = "UIView+AnimationOptionsForCurve.m"; sourceTree = "<group>"; };
		0771064E1744EC1B008A27BC /* FilesManagement.h */ = {isa = PBXFileReference; fileEncoding = 4; lastKnownFileType = sourcecode.c.h; path = FilesManagement.h; sourceTree = "<group>"; };
		0771064F1744EC1B008A27BC /* FilesManagement.m */ = {isa = PBXFileReference; fileEncoding = 4; lastKnownFileType = sourcecode.c.objc; path = FilesManagement.m; sourceTree = "<group>"; };
		077106561744EC1B008A27BC /* Storyboard-iPad.storyboard */ = {isa = PBXFileReference; fileEncoding = 4; lastKnownFileType = file.storyboard; path = "Storyboard-iPad.storyboard"; sourceTree = "<group>"; };
		077106571744EC1B008A27BC /* Storyboard-iPhone.storyboard */ = {isa = PBXFileReference; fileEncoding = 4; lastKnownFileType = file.storyboard; path = "Storyboard-iPhone.storyboard"; sourceTree = "<group>"; };
		0771065A1744EC1B008A27BC /* UIView+FindFirstResponder.h */ = {isa = PBXFileReference; fileEncoding = 4; lastKnownFileType = sourcecode.c.h; path = "UIView+FindFirstResponder.h"; sourceTree = "<group>"; };
		0771065B1744EC1B008A27BC /* UIView+FindFirstResponder.m */ = {isa = PBXFileReference; fileEncoding = 4; lastKnownFileType = sourcecode.c.objc; path = "UIView+FindFirstResponder.m"; sourceTree = "<group>"; };
		0771065D1744EC1B008A27BC /* ChatViewController.h */ = {isa = PBXFileReference; fileEncoding = 4; lastKnownFileType = sourcecode.c.h; path = ChatViewController.h; sourceTree = "<group>"; };
		0771065E1744EC1B008A27BC /* ChatViewController.m */ = {isa = PBXFileReference; fileEncoding = 4; lastKnownFileType = sourcecode.c.objc; path = ChatViewController.m; sourceTree = "<group>"; };
		0771065F1744EC1B008A27BC /* MoeViewController.h */ = {isa = PBXFileReference; fileEncoding = 4; lastKnownFileType = sourcecode.c.h; path = MoeViewController.h; sourceTree = "<group>"; };
		077106601744EC1B008A27BC /* MoeViewController.m */ = {isa = PBXFileReference; fileEncoding = 4; lastKnownFileType = sourcecode.c.objc; path = MoeViewController.m; sourceTree = "<group>"; };
		077106611744EC1B008A27BC /* RecallViewController.h */ = {isa = PBXFileReference; fileEncoding = 4; lastKnownFileType = sourcecode.c.h; path = RecallViewController.h; sourceTree = "<group>"; };
		077106621744EC1B008A27BC /* RecallViewController.m */ = {isa = PBXFileReference; fileEncoding = 4; lastKnownFileType = sourcecode.c.objc; path = RecallViewController.m; sourceTree = "<group>"; };
		077106631744EC1B008A27BC /* SoloViewController.h */ = {isa = PBXFileReference; fileEncoding = 4; lastKnownFileType = sourcecode.c.h; path = SoloViewController.h; sourceTree = "<group>"; };
		077106641744EC1B008A27BC /* SoloViewController.m */ = {isa = PBXFileReference; fileEncoding = 4; lastKnownFileType = sourcecode.c.objc; path = SoloViewController.m; sourceTree = "<group>"; };
		077106651744EC1B008A27BC /* ViewController.h */ = {isa = PBXFileReference; fileEncoding = 4; lastKnownFileType = sourcecode.c.h; path = ViewController.h; sourceTree = "<group>"; };
		077106661744EC1B008A27BC /* ViewController.m */ = {isa = PBXFileReference; fileEncoding = 4; lastKnownFileType = sourcecode.c.objc; path = ViewController.m; sourceTree = "<group>"; };
		077106BE1744EC9F008A27BC /* CoreData.framework */ = {isa = PBXFileReference; lastKnownFileType = wrapper.framework; name = CoreData.framework; path = System/Library/Frameworks/CoreData.framework; sourceTree = SDKROOT; };
		077106C01744ECA7008A27BC /* AudioToolbox.framework */ = {isa = PBXFileReference; lastKnownFileType = wrapper.framework; name = AudioToolbox.framework; path = System/Library/Frameworks/AudioToolbox.framework; sourceTree = SDKROOT; };
		077106C41744ED91008A27BC /* avatar@2x.psd */ = {isa = PBXFileReference; lastKnownFileType = file; path = "avatar@2x.psd"; sourceTree = "<group>"; };
		077106C51744ED91008A27BC /* guide-view@2x.psd */ = {isa = PBXFileReference; lastKnownFileType = file; path = "guide-view@2x.psd"; sourceTree = "<group>"; };
		077106C61744ED91008A27BC /* home screen@2x.psd */ = {isa = PBXFileReference; lastKnownFileType = file; path = "home screen@2x.psd"; sourceTree = "<group>"; };
		077106C71744ED91008A27BC /* toggle_base@2x.psd */ = {isa = PBXFileReference; lastKnownFileType = file; path = "toggle_base@2x.psd"; sourceTree = "<group>"; };
		077106C81744ED91008A27BC /* soloViewDemo@2x.psd */ = {isa = PBXFileReference; lastKnownFileType = file; path = "soloViewDemo@2x.psd"; sourceTree = "<group>"; };
		077106D017450983008A27BC /* UserDefaultsKeys.h */ = {isa = PBXFileReference; lastKnownFileType = sourcecode.c.h; path = UserDefaultsKeys.h; sourceTree = "<group>"; };
		07775CE3175DC7530075BADF /* SenderSwitch.h */ = {isa = PBXFileReference; fileEncoding = 4; lastKnownFileType = sourcecode.c.h; path = SenderSwitch.h; sourceTree = "<group>"; };
		07775CE4175DC7530075BADF /* SenderSwitch.m */ = {isa = PBXFileReference; fileEncoding = 4; lastKnownFileType = sourcecode.c.objc; path = SenderSwitch.m; sourceTree = "<group>"; };
		077D47DC174CE31600443B8B /* Kirapika Builder.xcodeproj */ = {isa = PBXFileReference; lastKnownFileType = "wrapper.pb-project"; name = "Kirapika Builder.xcodeproj"; path = "Kirapika Builder/Kirapika Builder.xcodeproj"; sourceTree = "<group>"; };
		079E789D176F2BAA00E1800A /* GNTransitionController.h */ = {isa = PBXFileReference; fileEncoding = 4; lastKnownFileType = sourcecode.c.h; path = GNTransitionController.h; sourceTree = "<group>"; };
		079E789E176F2BAA00E1800A /* GNTransitionController.m */ = {isa = PBXFileReference; fileEncoding = 4; lastKnownFileType = sourcecode.c.objc; path = GNTransitionController.m; sourceTree = "<group>"; };
		07A8B7891749EC5400E3227C /* Message.h */ = {isa = PBXFileReference; fileEncoding = 4; lastKnownFileType = sourcecode.c.h; path = Message.h; sourceTree = "<group>"; };
		07A8B78A1749EC5400E3227C /* Message.m */ = {isa = PBXFileReference; fileEncoding = 4; lastKnownFileType = sourcecode.c.objc; path = Message.m; sourceTree = "<group>"; };
		07A8B790174A657500E3227C /* .gitignore */ = {isa = PBXFileReference; fileEncoding = 4; lastKnownFileType = text; path = .gitignore; sourceTree = SOURCE_ROOT; };
		07CA8AEB17583A2700A41C84 /* BubbleTypingCell.h */ = {isa = PBXFileReference; fileEncoding = 4; lastKnownFileType = sourcecode.c.h; path = BubbleTypingCell.h; sourceTree = "<group>"; };
		07CA8AEC17583A2800A41C84 /* BubbleTypingCell.m */ = {isa = PBXFileReference; fileEncoding = 4; lastKnownFileType = sourcecode.c.objc; path = BubbleTypingCell.m; sourceTree = "<group>"; };
		07CFC832174B528400417D68 /* NSString+Transcode.h */ = {isa = PBXFileReference; fileEncoding = 4; lastKnownFileType = sourcecode.c.h; path = "NSString+Transcode.h"; sourceTree = "<group>"; };
		07CFC833174B528400417D68 /* NSString+Transcode.m */ = {isa = PBXFileReference; fileEncoding = 4; lastKnownFileType = sourcecode.c.objc; path = "NSString+Transcode.m"; sourceTree = "<group>"; };
		07CFC841174BA12800417D68 /* Word.h */ = {isa = PBXFileReference; fileEncoding = 4; lastKnownFileType = sourcecode.c.h; path = Word.h; sourceTree = "<group>"; };
		07CFC842174BA12800417D68 /* Word.m */ = {isa = PBXFileReference; fileEncoding = 4; lastKnownFileType = sourcecode.c.objc; path = Word.m; sourceTree = "<group>"; };
		07CFC844174BA4B400417D68 /* Word+Create.h */ = {isa = PBXFileReference; fileEncoding = 4; lastKnownFileType = sourcecode.c.h; path = "Word+Create.h"; sourceTree = "<group>"; };
		07CFC845174BA4B400417D68 /* Word+Create.m */ = {isa = PBXFileReference; fileEncoding = 4; lastKnownFileType = sourcecode.c.objc; path = "Word+Create.m"; sourceTree = "<group>"; };
		07CFC847174BA61F00417D68 /* Sender.h */ = {isa = PBXFileReference; fileEncoding = 4; lastKnownFileType = sourcecode.c.h; path = Sender.h; sourceTree = "<group>"; };
		07CFC848174BA61F00417D68 /* Sender.m */ = {isa = PBXFileReference; fileEncoding = 4; lastKnownFileType = sourcecode.c.objc; path = Sender.m; sourceTree = "<group>"; };
		07D83BCD17712D2E007D2233 /* README.md */ = {isa = PBXFileReference; lastKnownFileType = text; path = README.md; sourceTree = "<group>"; };
		07E3EC7B176A06740067F6B7 /* Media.xcassets */ = {isa = PBXFileReference; lastKnownFileType = folder.assetcatalog; path = Media.xcassets; sourceTree = "<group>"; };
/* End PBXFileReference section */

/* Begin PBXFrameworksBuildPhase section */
		077105B01744EBAA008A27BC /* Frameworks */ = {
			isa = PBXFrameworksBuildPhase;
			buildActionMask = 2147483647;
			files = (
				077106C11744ECA7008A27BC /* AudioToolbox.framework in Frameworks */,
				077106BF1744EC9F008A27BC /* CoreData.framework in Frameworks */,
				077105B71744EBAA008A27BC /* UIKit.framework in Frameworks */,
				077105B91744EBAA008A27BC /* Foundation.framework in Frameworks */,
				077105BB1744EBAA008A27BC /* CoreGraphics.framework in Frameworks */,
			);
			runOnlyForDeploymentPostprocessing = 0;
		};
/* End PBXFrameworksBuildPhase section */

/* Begin PBXGroup section */
		077105AA1744EBAA008A27BC = {
			isa = PBXGroup;
			children = (
				077D47DC174CE31600443B8B /* Kirapika Builder.xcodeproj */,
				077105BC1744EBAA008A27BC /* Kirapika */,
				077105B51744EBAA008A27BC /* Frameworks */,
				077105B41744EBAA008A27BC /* Products */,
				077106C31744ED91008A27BC /* PSD */,
			);
			sourceTree = "<group>";
		};
		077105B41744EBAA008A27BC /* Products */ = {
			isa = PBXGroup;
			children = (
				077105B31744EBAA008A27BC /* Kirapika.app */,
			);
			name = Products;
			sourceTree = "<group>";
		};
		077105B51744EBAA008A27BC /* Frameworks */ = {
			isa = PBXGroup;
			children = (
				077106C01744ECA7008A27BC /* AudioToolbox.framework */,
				077106BE1744EC9F008A27BC /* CoreData.framework */,
				077105B61744EBAA008A27BC /* UIKit.framework */,
				077105B81744EBAA008A27BC /* Foundation.framework */,
				077105BA1744EBAA008A27BC /* CoreGraphics.framework */,
			);
			name = Frameworks;
			sourceTree = "<group>";
		};
		077105BC1744EBAA008A27BC /* Kirapika */ = {
			isa = PBXGroup;
			children = (
				07E3EC7B176A06740067F6B7 /* Media.xcassets */,
				077105C51744EBAA008A27BC /* AppDelegate.h */,
				077105C61744EBAA008A27BC /* AppDelegate.m */,
				077106571744EC1B008A27BC /* Storyboard-iPhone.storyboard */,
				077106561744EC1B008A27BC /* Storyboard-iPad.storyboard */,
				0771065C1744EC1B008A27BC /* ViewController */,
				077106031744EC1B008A27BC /* MainView */,
				077105DB1744EC1B008A27BC /* ChatView */,
				0771064D1744EC1B008A27BC /* MoeView */,
				077105FE1744EC1B008A27BC /* GestureNavigationController */,
				077106111744EC1B008A27BC /* MessagesNavigationController */,
				077106141744EC1B008A27BC /* MessagesViewController */,
				077105EE1744EC1B008A27BC /* CoreData */,
				077105D31744EC1B008A27BC /* Algorithm */,
				077106581744EC1B008A27BC /* Supporting Code */,
				077105BD1744EBAA008A27BC /* Supporting Files */,
			);
			path = Kirapika;
			sourceTree = "<group>";
		};
		077105BD1744EBAA008A27BC /* Supporting Files */ = {
			isa = PBXGroup;
			children = (
				077105BE1744EBAA008A27BC /* Kirapika-Info.plist */,
				077105BF1744EBAA008A27BC /* InfoPlist.strings */,
				077105C21744EBAA008A27BC /* main.m */,
				077105C41744EBAA008A27BC /* Kirapika-Prefix.pch */,
				07D83BCD17712D2E007D2233 /* README.md */,
				07A8B790174A657500E3227C /* .gitignore */,
			);
			name = "Supporting Files";
			sourceTree = "<group>";
		};
		077105D31744EC1B008A27BC /* Algorithm */ = {
			isa = PBXGroup;
			children = (
				077105D41744EC1B008A27BC /* DegreeOfApproximation.h */,
				077105D51744EC1B008A27BC /* DegreeOfApproximation.m */,
				077105D61744EC1B008A27BC /* NSString+Tokenize.h */,
				077105D71744EC1B008A27BC /* NSString+Tokenize.m */,
				07CFC832174B528400417D68 /* NSString+Transcode.h */,
				07CFC833174B528400417D68 /* NSString+Transcode.m */,
				077105D81744EC1B008A27BC /* ReplyText.h */,
				077105D91744EC1B008A27BC /* ReplyText.m */,
				077105DA1744EC1B008A27BC /* Synonyms.txt */,
			);
			path = Algorithm;
			sourceTree = "<group>";
		};
		077105DB1744EC1B008A27BC /* ChatView */ = {
			isa = PBXGroup;
			children = (
				077105DC1744EC1B008A27BC /* ToggleView */,
			);
			path = ChatView;
			sourceTree = "<group>";
		};
		077105DC1744EC1B008A27BC /* ToggleView */ = {
			isa = PBXGroup;
			children = (
				077105E81744EC1B008A27BC /* ToggleBase.h */,
				077105E91744EC1B008A27BC /* ToggleBase.m */,
				077105EA1744EC1B008A27BC /* ToggleButton.h */,
				077105EB1744EC1B008A27BC /* ToggleButton.m */,
				077105EC1744EC1B008A27BC /* ToggleView.h */,
				077105ED1744EC1B008A27BC /* ToggleView.m */,
				07775CE3175DC7530075BADF /* SenderSwitch.h */,
				07775CE4175DC7530075BADF /* SenderSwitch.m */,
			);
			path = ToggleView;
			sourceTree = "<group>";
		};
		077105EE1744EC1B008A27BC /* CoreData */ = {
			isa = PBXGroup;
			children = (
				077105EF1744EC1B008A27BC /* CoreDataConstants.h */,
				077105F01744EC1B008A27BC /* Kirapika.xcdatamodeld */,
				077105F61744EC1B008A27BC /* NSManagedObjectContext+Queryable.h */,
				077105F71744EC1B008A27BC /* NSManagedObjectContext+Queryable.m */,
				07CFC847174BA61F00417D68 /* Sender.h */,
				07CFC848174BA61F00417D68 /* Sender.m */,
				07CFC841174BA12800417D68 /* Word.h */,
				07CFC842174BA12800417D68 /* Word.m */,
				07A8B7891749EC5400E3227C /* Message.h */,
				07A8B78A1749EC5400E3227C /* Message.m */,
				07CFC844174BA4B400417D68 /* Word+Create.h */,
				07CFC845174BA4B400417D68 /* Word+Create.m */,
				077105F21744EC1B008A27BC /* Message+Create.h */,
				077105F31744EC1B008A27BC /* Message+Create.m */,
				077105FA1744EC1B008A27BC /* Sender+Create.h */,
				077105FB1744EC1B008A27BC /* Sender+Create.m */,
			);
			path = CoreData;
			sourceTree = "<group>";
		};
		077105FE1744EC1B008A27BC /* GestureNavigationController */ = {
			isa = PBXGroup;
			children = (
				077105FF1744EC1B008A27BC /* GestureNavigationBar.h */,
				077106001744EC1B008A27BC /* GestureNavigationBar.m */,
				079E789D176F2BAA00E1800A /* GNTransitionController.h */,
				079E789E176F2BAA00E1800A /* GNTransitionController.m */,
				077106011744EC1B008A27BC /* GestureNavigationViewController.h */,
				077106021744EC1B008A27BC /* GestureNavigationViewController.m */,
			);
			path = GestureNavigationController;
			sourceTree = "<group>";
		};
		077106031744EC1B008A27BC /* MainView */ = {
			isa = PBXGroup;
			children = (
				077106041744EC1B008A27BC /* PixelStypleHandwritingRecognition */,
			);
			path = MainView;
			sourceTree = "<group>";
		};
		077106041744EC1B008A27BC /* PixelStypleHandwritingRecognition */ = {
			isa = PBXGroup;
			children = (
				077106051744EC1B008A27BC /* GuideView.h */,
				077106061744EC1B008A27BC /* GuideView.m */,
				077106071744EC1B008A27BC /* NSNumber+RecognizedMark.h */,
				077106081744EC1B008A27BC /* NSNumber+RecognizedMark.m */,
				077106091744EC1B008A27BC /* PixelStyleHandwritingRecognitionView.h */,
				0771060A1744EC1B008A27BC /* PixelStyleHandwritingRecognitionView.m */,
				0771060B1744EC1B008A27BC /* PixelView.h */,
				0771060C1744EC1B008A27BC /* PixelView.m */,
			);
			path = PixelStypleHandwritingRecognition;
			sourceTree = "<group>";
		};
		077106111744EC1B008A27BC /* MessagesNavigationController */ = {
			isa = PBXGroup;
			children = (
				077106121744EC1B008A27BC /* MessagesNavigationViewController.h */,
				077106131744EC1B008A27BC /* MessagesNavigationViewController.m */,
			);
			path = MessagesNavigationController;
			sourceTree = "<group>";
		};
		077106141744EC1B008A27BC /* MessagesViewController */ = {
			isa = PBXGroup;
			children = (
				077106151744EC1B008A27BC /* BubbleMessageCell.h */,
				077106161744EC1B008A27BC /* BubbleMessageCell.m */,
				07CA8AEB17583A2700A41C84 /* BubbleTypingCell.h */,
				07CA8AEC17583A2800A41C84 /* BubbleTypingCell.m */,
				077106171744EC1B008A27BC /* BubbleMessageData.h */,
				077106181744EC1B008A27BC /* BubbleMessageData.m */,
				077106191744EC1B008A27BC /* BubbleView.h */,
				0771061A1744EC1B008A27BC /* BubbleView.m */,
				0771061B1744EC1B008A27BC /* CoreDataMessagesViewController.h */,
				0771061C1744EC1B008A27BC /* CoreDataMessagesViewController.m */,
				0771061D1744EC1B008A27BC /* HintView.h */,
				0771061E1744EC1B008A27BC /* HintView.m */,
				0771061F1744EC1B008A27BC /* MessageInputView.h */,
				077106201744EC1B008A27BC /* MessageInputView.m */,
				077106211744EC1B008A27BC /* MessageSoundEffect.h */,
				077106221744EC1B008A27BC /* MessageSoundEffect.m */,
				077106231744EC1B008A27BC /* MessagesTableView.h */,
				077106241744EC1B008A27BC /* MessagesTableView.m */,
				077106251744EC1B008A27BC /* MessagesViewController.h */,
				077106261744EC1B008A27BC /* MessagesViewController.m */,
				077106271744EC1B008A27BC /* NSString+MessagesView.h */,
				077106281744EC1B008A27BC /* NSString+MessagesView.m */,
				0771064A1744EC1B008A27BC /* UIView+AnimationOptionsForCurve.h */,
				0771064B1744EC1B008A27BC /* UIView+AnimationOptionsForCurve.m */,
				077106291744EC1B008A27BC /* Supporting Files */,
			);
			path = MessagesViewController;
			sourceTree = "<group>";
		};
		077106291744EC1B008A27BC /* Supporting Files */ = {
			isa = PBXGroup;
			children = (
				0771062A1744EC1B008A27BC /* DAKeyboardControl */,
				0771062D1744EC1B008A27BC /* HPGrowingTextView */,
				077106471744EC1B008A27BC /* Sounds */,
			);
			path = "Supporting Files";
			sourceTree = "<group>";
		};
		0771062A1744EC1B008A27BC /* DAKeyboardControl */ = {
			isa = PBXGroup;
			children = (
				0771062B1744EC1B008A27BC /* DAKeyboardControl.h */,
				0771062C1744EC1B008A27BC /* DAKeyboardControl.m */,
			);
			path = DAKeyboardControl;
			sourceTree = "<group>";
		};
		0771062D1744EC1B008A27BC /* HPGrowingTextView */ = {
			isa = PBXGroup;
			children = (
				0771062E1744EC1B008A27BC /* HPGrowingTextView.h */,
				0771062F1744EC1B008A27BC /* HPGrowingTextView.m */,
				077106301744EC1B008A27BC /* HPTextViewInternal.h */,
				077106311744EC1B008A27BC /* HPTextViewInternal.m */,
			);
			path = HPGrowingTextView;
			sourceTree = "<group>";
		};
		077106471744EC1B008A27BC /* Sounds */ = {
			isa = PBXGroup;
			children = (
				077106481744EC1B008A27BC /* messageReceived.aiff */,
				077106491744EC1B008A27BC /* messageSent.aiff */,
			);
			path = Sounds;
			sourceTree = "<group>";
		};
		0771064D1744EC1B008A27BC /* MoeView */ = {
			isa = PBXGroup;
			children = (
				0771064E1744EC1B008A27BC /* FilesManagement.h */,
				0771064F1744EC1B008A27BC /* FilesManagement.m */,
			);
			path = MoeView;
			sourceTree = "<group>";
		};
		077106581744EC1B008A27BC /* Supporting Code */ = {
			isa = PBXGroup;
			children = (
				077106D017450983008A27BC /* UserDefaultsKeys.h */,
				077106591744EC1B008A27BC /* FindFirstResponder */,
			);
			path = "Supporting Code";
			sourceTree = "<group>";
		};
		077106591744EC1B008A27BC /* FindFirstResponder */ = {
			isa = PBXGroup;
			children = (
				0771065A1744EC1B008A27BC /* UIView+FindFirstResponder.h */,
				0771065B1744EC1B008A27BC /* UIView+FindFirstResponder.m */,
			);
			path = FindFirstResponder;
			sourceTree = "<group>";
		};
		0771065C1744EC1B008A27BC /* ViewController */ = {
			isa = PBXGroup;
			children = (
				077106651744EC1B008A27BC /* ViewController.h */,
				077106661744EC1B008A27BC /* ViewController.m */,
				0771065D1744EC1B008A27BC /* ChatViewController.h */,
				0771065E1744EC1B008A27BC /* ChatViewController.m */,
				077106631744EC1B008A27BC /* SoloViewController.h */,
				077106641744EC1B008A27BC /* SoloViewController.m */,
				077106611744EC1B008A27BC /* RecallViewController.h */,
				077106621744EC1B008A27BC /* RecallViewController.m */,
				0771065F1744EC1B008A27BC /* MoeViewController.h */,
				077106601744EC1B008A27BC /* MoeViewController.m */,
			);
			path = ViewController;
			sourceTree = "<group>";
		};
		077106C31744ED91008A27BC /* PSD */ = {
			isa = PBXGroup;
			children = (
				077106C41744ED91008A27BC /* avatar@2x.psd */,
				077106C51744ED91008A27BC /* guide-view@2x.psd */,
				077106C61744ED91008A27BC /* home screen@2x.psd */,
				077106C71744ED91008A27BC /* toggle_base@2x.psd */,
				077106C81744ED91008A27BC /* soloViewDemo@2x.psd */,
			);
			path = PSD;
			sourceTree = "<group>";
		};
		077D47DD174CE31600443B8B /* Products */ = {
			isa = PBXGroup;
			children = (
				077D47E1174CE31700443B8B /* Kirapika Builder.app */,
			);
			name = Products;
			sourceTree = "<group>";
		};
/* End PBXGroup section */

/* Begin PBXNativeTarget section */
		077105B21744EBAA008A27BC /* Kirapika */ = {
			isa = PBXNativeTarget;
			buildConfigurationList = 077105D01744EBAA008A27BC /* Build configuration list for PBXNativeTarget "Kirapika" */;
			buildPhases = (
				077105AF1744EBAA008A27BC /* Sources */,
				077105B01744EBAA008A27BC /* Frameworks */,
				077105B11744EBAA008A27BC /* Resources */,
				077106C21744ED05008A27BC /* ShellScript */,
			);
			buildRules = (
			);
			dependencies = (
			);
			name = Kirapika;
			productName = Kirapika;
			productReference = 077105B31744EBAA008A27BC /* Kirapika.app */;
			productType = "com.apple.product-type.application";
		};
/* End PBXNativeTarget section */

/* Begin PBXProject section */
		077105AB1744EBAA008A27BC /* Project object */ = {
			isa = PBXProject;
			attributes = {
				LastUpgradeCheck = 0460;
				ORGANIZATIONNAME = "Justin Jia";
			};
			buildConfigurationList = 077105AE1744EBAA008A27BC /* Build configuration list for PBXProject "Kirapika" */;
			compatibilityVersion = "Xcode 3.2";
			developmentRegion = English;
			hasScannedForEncodings = 0;
			knownRegions = (
				en,
			);
			mainGroup = 077105AA1744EBAA008A27BC;
			productRefGroup = 077105B41744EBAA008A27BC /* Products */;
			projectDirPath = "";
			projectReferences = (
				{
					ProductGroup = 077D47DD174CE31600443B8B /* Products */;
					ProjectRef = 077D47DC174CE31600443B8B /* Kirapika Builder.xcodeproj */;
				},
			);
			projectRoot = "";
			targets = (
				077105B21744EBAA008A27BC /* Kirapika */,
			);
		};
/* End PBXProject section */

/* Begin PBXReferenceProxy section */
		077D47E1174CE31700443B8B /* Kirapika Builder.app */ = {
			isa = PBXReferenceProxy;
			fileType = wrapper.application;
			path = "Kirapika Builder.app";
			remoteRef = 077D47E0174CE31700443B8B /* PBXContainerItemProxy */;
			sourceTree = BUILT_PRODUCTS_DIR;
		};
/* End PBXReferenceProxy section */

/* Begin PBXResourcesBuildPhase section */
		077105B11744EBAA008A27BC /* Resources */ = {
			isa = PBXResourcesBuildPhase;
			buildActionMask = 2147483647;
			files = (
				077105C11744EBAA008A27BC /* InfoPlist.strings in Resources */,
				0771066A1744EC1B008A27BC /* Synonyms.txt in Resources */,
				077106AB1744EC1B008A27BC /* messageReceived.aiff in Resources */,
				077106AC1744EC1B008A27BC /* messageSent.aiff in Resources */,
				077106B21744EC1B008A27BC /* Storyboard-iPad.storyboard in Resources */,
				077106B31744EC1B008A27BC /* Storyboard-iPhone.storyboard in Resources */,
				07E3EC7C176A06740067F6B7 /* Media.xcassets in Resources */,
			);
			runOnlyForDeploymentPostprocessing = 0;
		};
/* End PBXResourcesBuildPhase section */

/* Begin PBXShellScriptBuildPhase section */
		077106C21744ED05008A27BC /* ShellScript */ = {
			isa = PBXShellScriptBuildPhase;
			buildActionMask = 2147483647;
			files = (
			);
			inputPaths = (
			);
			outputPaths = (
			);
			runOnlyForDeploymentPostprocessing = 0;
			shellPath = /bin/sh;
			shellScript = "#!/bin/bash\nbuildNumber=$(/usr/libexec/PlistBuddy -c \"Print CFBundleVersion\" \"$INFOPLIST_FILE\")\nbuildNumber=$((0x$buildNumber))\nbuildNumber=$(($buildNumber + 1))\nbuildNumber=$(printf \"%X\" $buildNumber)\n/usr/libexec/PlistBuddy -c \"Set :CFBundleVersion $buildNumber\" \"$INFOPLIST_FILE\"";
		};
/* End PBXShellScriptBuildPhase section */

/* Begin PBXSourcesBuildPhase section */
		077105AF1744EBAA008A27BC /* Sources */ = {
			isa = PBXSourcesBuildPhase;
			buildActionMask = 2147483647;
			files = (
				077105C31744EBAA008A27BC /* main.m in Sources */,
				077105C71744EBAA008A27BC /* AppDelegate.m in Sources */,
				077106671744EC1B008A27BC /* DegreeOfApproximation.m in Sources */,
				077106681744EC1B008A27BC /* NSString+Tokenize.m in Sources */,
				077106691744EC1B008A27BC /* ReplyText.m in Sources */,
				077106751744EC1B008A27BC /* ToggleBase.m in Sources */,
				077106761744EC1B008A27BC /* ToggleButton.m in Sources */,
				077106771744EC1B008A27BC /* ToggleView.m in Sources */,
				077106781744EC1B008A27BC /* Kirapika.xcdatamodeld in Sources */,
				077106791744EC1B008A27BC /* Message+Create.m in Sources */,
				0771067B1744EC1B008A27BC /* NSManagedObjectContext+Queryable.m in Sources */,
				0771067E1744EC1B008A27BC /* Sender+Create.m in Sources */,
				077106801744EC1B008A27BC /* GestureNavigationBar.m in Sources */,
				077106811744EC1B008A27BC /* GestureNavigationViewController.m in Sources */,
				077106821744EC1B008A27BC /* GuideView.m in Sources */,
				077106831744EC1B008A27BC /* NSNumber+RecognizedMark.m in Sources */,
				077106841744EC1B008A27BC /* PixelStyleHandwritingRecognitionView.m in Sources */,
				077106851744EC1B008A27BC /* PixelView.m in Sources */,
				077106891744EC1B008A27BC /* MessagesNavigationViewController.m in Sources */,
				0771068A1744EC1B008A27BC /* BubbleMessageCell.m in Sources */,
				0771068B1744EC1B008A27BC /* BubbleMessageData.m in Sources */,
				0771068C1744EC1B008A27BC /* BubbleView.m in Sources */,
				0771068D1744EC1B008A27BC /* CoreDataMessagesViewController.m in Sources */,
				0771068E1744EC1B008A27BC /* HintView.m in Sources */,
				0771068F1744EC1B008A27BC /* MessageInputView.m in Sources */,
				077106901744EC1B008A27BC /* MessageSoundEffect.m in Sources */,
				077106911744EC1B008A27BC /* MessagesTableView.m in Sources */,
				077106921744EC1B008A27BC /* MessagesViewController.m in Sources */,
				077106931744EC1B008A27BC /* NSString+MessagesView.m in Sources */,
				079E789F176F2BAA00E1800A /* GNTransitionController.m in Sources */,
				077106941744EC1B008A27BC /* DAKeyboardControl.m in Sources */,
				077106951744EC1B008A27BC /* HPGrowingTextView.m in Sources */,
				077106961744EC1B008A27BC /* HPTextViewInternal.m in Sources */,
				077106AD1744EC1B008A27BC /* UIView+AnimationOptionsForCurve.m in Sources */,
				077106AE1744EC1B008A27BC /* FilesManagement.m in Sources */,
				077106B41744EC1B008A27BC /* UIView+FindFirstResponder.m in Sources */,
				077106B51744EC1B008A27BC /* ChatViewController.m in Sources */,
				077106B61744EC1B008A27BC /* MoeViewController.m in Sources */,
				077106B71744EC1B008A27BC /* RecallViewController.m in Sources */,
				077106B81744EC1B008A27BC /* SoloViewController.m in Sources */,
				077106B91744EC1B008A27BC /* ViewController.m in Sources */,
				07A8B78B1749EC5400E3227C /* Message.m in Sources */,
				07CFC834174B528400417D68 /* NSString+Transcode.m in Sources */,
				07CFC843174BA12800417D68 /* Word.m in Sources */,
				07CFC846174BA4B400417D68 /* Word+Create.m in Sources */,
				07CFC849174BA61F00417D68 /* Sender.m in Sources */,
				07CA8AED17583A2800A41C84 /* BubbleTypingCell.m in Sources */,
				07775CE5175DC7530075BADF /* SenderSwitch.m in Sources */,
			);
			runOnlyForDeploymentPostprocessing = 0;
		};
/* End PBXSourcesBuildPhase section */

/* Begin PBXVariantGroup section */
		077105BF1744EBAA008A27BC /* InfoPlist.strings */ = {
			isa = PBXVariantGroup;
			children = (
				077105C01744EBAA008A27BC /* en */,
			);
			name = InfoPlist.strings;
			sourceTree = "<group>";
		};
/* End PBXVariantGroup section */

/* Begin XCBuildConfiguration section */
		077105CE1744EBAA008A27BC /* Debug */ = {
			isa = XCBuildConfiguration;
			buildSettings = {
				ALWAYS_SEARCH_USER_PATHS = NO;
				CLANG_CXX_LANGUAGE_STANDARD = "gnu++0x";
				CLANG_CXX_LIBRARY = "libc++";
				CLANG_ENABLE_OBJC_ARC = YES;
				CLANG_WARN_CONSTANT_CONVERSION = YES;
				CLANG_WARN_EMPTY_BODY = YES;
				CLANG_WARN_ENUM_CONVERSION = YES;
				CLANG_WARN_INT_CONVERSION = YES;
				CLANG_WARN__DUPLICATE_METHOD_MATCH = YES;
				"CODE_SIGN_IDENTITY[sdk=iphoneos*]" = "iPhone Developer";
				COPY_PHASE_STRIP = NO;
				GCC_C_LANGUAGE_STANDARD = gnu99;
				GCC_DYNAMIC_NO_PIC = NO;
				GCC_OPTIMIZATION_LEVEL = 0;
				GCC_PREPROCESSOR_DEFINITIONS = (
					"DEBUG=1",
					"$(inherited)",
				);
				GCC_SYMBOLS_PRIVATE_EXTERN = NO;
				GCC_WARN_ABOUT_RETURN_TYPE = YES;
				GCC_WARN_UNINITIALIZED_AUTOS = YES;
				GCC_WARN_UNUSED_VARIABLE = YES;
				IPHONEOS_DEPLOYMENT_TARGET = 6.1;
				ONLY_ACTIVE_ARCH = YES;
				SDKROOT = iphoneos;
				TARGETED_DEVICE_FAMILY = "1,2";
			};
			name = Debug;
		};
		077105CF1744EBAA008A27BC /* Release */ = {
			isa = XCBuildConfiguration;
			buildSettings = {
				ALWAYS_SEARCH_USER_PATHS = NO;
				CLANG_CXX_LANGUAGE_STANDARD = "gnu++0x";
				CLANG_CXX_LIBRARY = "libc++";
				CLANG_ENABLE_OBJC_ARC = YES;
				CLANG_WARN_CONSTANT_CONVERSION = YES;
				CLANG_WARN_EMPTY_BODY = YES;
				CLANG_WARN_ENUM_CONVERSION = YES;
				CLANG_WARN_INT_CONVERSION = YES;
				CLANG_WARN__DUPLICATE_METHOD_MATCH = YES;
				"CODE_SIGN_IDENTITY[sdk=iphoneos*]" = "iPhone Developer";
				COPY_PHASE_STRIP = YES;
				GCC_C_LANGUAGE_STANDARD = gnu99;
				GCC_WARN_ABOUT_RETURN_TYPE = YES;
				GCC_WARN_UNINITIALIZED_AUTOS = YES;
				GCC_WARN_UNUSED_VARIABLE = YES;
				IPHONEOS_DEPLOYMENT_TARGET = 6.1;
				OTHER_CFLAGS = "-DNS_BLOCK_ASSERTIONS=1";
				SDKROOT = iphoneos;
				TARGETED_DEVICE_FAMILY = "1,2";
				VALIDATE_PRODUCT = YES;
			};
			name = Release;
		};
		077105D11744EBAA008A27BC /* Debug */ = {
			isa = XCBuildConfiguration;
			buildSettings = {
				ASSETCATALOG_COMPILER_APPICON_NAME = AppIcon;
				ASSETCATALOG_COMPILER_LAUNCHIMAGE_NAME = LaunchImage;
				CLANG_ENABLE_MODULES = YES;
				CODE_SIGN_IDENTITY = "iPhone Developer";
				GCC_PRECOMPILE_PREFIX_HEADER = YES;
				GCC_PREFIX_HEADER = "Kirapika/Kirapika-Prefix.pch";
				GCC_WARN_PEDANTIC = NO;
				INFOPLIST_FILE = "Kirapika/Kirapika-Info.plist";
				IPHONEOS_DEPLOYMENT_TARGET = 7.0;
				OTHER_CODE_SIGN_FLAGS = "";
				PRODUCT_NAME = "$(TARGET_NAME)";
				WARNING_CFLAGS = "";
				WRAPPER_EXTENSION = app;
			};
			name = Debug;
		};
		077105D21744EBAA008A27BC /* Release */ = {
			isa = XCBuildConfiguration;
			buildSettings = {
				ASSETCATALOG_COMPILER_APPICON_NAME = AppIcon;
				ASSETCATALOG_COMPILER_LAUNCHIMAGE_NAME = LaunchImage;
				CLANG_ENABLE_MODULES = YES;
				CODE_SIGN_IDENTITY = "iPhone Developer";
				GCC_PRECOMPILE_PREFIX_HEADER = YES;
				GCC_PREFIX_HEADER = "Kirapika/Kirapika-Prefix.pch";
				GCC_WARN_PEDANTIC = NO;
				INFOPLIST_FILE = "Kirapika/Kirapika-Info.plist";
				IPHONEOS_DEPLOYMENT_TARGET = 7.0;
				PRODUCT_NAME = "$(TARGET_NAME)";
				WRAPPER_EXTENSION = app;
			};
			name = Release;
		};
/* End XCBuildConfiguration section */

/* Begin XCConfigurationList section */
		077105AE1744EBAA008A27BC /* Build configuration list for PBXProject "Kirapika" */ = {
			isa = XCConfigurationList;
			buildConfigurations = (
				077105CE1744EBAA008A27BC /* Debug */,
				077105CF1744EBAA008A27BC /* Release */,
			);
			defaultConfigurationIsVisible = 0;
			defaultConfigurationName = Release;
		};
		077105D01744EBAA008A27BC /* Build configuration list for PBXNativeTarget "Kirapika" */ = {
			isa = XCConfigurationList;
			buildConfigurations = (
				077105D11744EBAA008A27BC /* Debug */,
				077105D21744EBAA008A27BC /* Release */,
			);
			defaultConfigurationIsVisible = 0;
			defaultConfigurationName = Release;
		};
/* End XCConfigurationList section */

/* Begin XCVersionGroup section */
		077105F01744EC1B008A27BC /* Kirapika.xcdatamodeld */ = {
			isa = XCVersionGroup;
			children = (
				077105F11744EC1B008A27BC /* Kirapika.xcdatamodel */,
			);
			currentVersion = 077105F11744EC1B008A27BC /* Kirapika.xcdatamodel */;
			path = Kirapika.xcdatamodeld;
			sourceTree = "<group>";
			versionGroupType = wrapper.xcdatamodel;
		};
/* End XCVersionGroup section */
	};
	rootObject = 077105AB1744EBAA008A27BC /* Project object */;
}
